
Microsoft Visual Studio Solution File, Format Version 12.00
# Visual Studio Version 17
VisualStudioVersion = 17.7.34221.43
MinimumVisualStudioVersion = 10.0.40219.1
Project("{FAE04EC0-301F-11D3-BF4B-00C04F79EFBC}") = "TP1_Sotomayor", "TP1_Sotomayor.csproj", "{0FB3A496-E41B-4D1D-8F31-27EFF7AECEF6}"
EndProject
Global
	GlobalSection(SolutionConfigurationPlatforms) = preSolution
		Debug|Any CPU = Debug|Any CPU
		Release|Any CPU = Release|Any CPU
	EndGlobalSection
	GlobalSection(ProjectConfigurationPlatforms) = postSolution
		{0FB3A496-E41B-4D1D-8F31-27EFF7AECEF6}.Debug|Any CPU.ActiveCfg = Debug|Any CPU
		{0FB3A496-E41B-4D1D-8F31-27EFF7AECEF6}.Debug|Any CPU.Build.0 = Debug|Any CPU
		{0FB3A496-E41B-4D1D-8F31-27EFF7AECEF6}.Release|Any CPU.ActiveCfg = Release|Any CPU
		{0FB3A496-E41B-4D1D-8F31-27EFF7AECEF6}.Release|Any CPU.Build.0 = Release|Any CPU
	EndGlobalSection
	GlobalSection(SolutionProperties) = preSolution
		HideSolutionNode = FALSE
	EndGlobalSection
	GlobalSection(ExtensibilityGlobals) = postSolution
		SolutionGuid = {CE3641D4-9F82-4A81-A35F-C20C3A3F4C3D}
	EndGlobalSection
EndGlobal
